{
  "version": 4,
  "terraform_version": "1.6.5",
  "serial": 11,
  "lineage": "0a19a069-2809-5c16-6e5e-4a120b4b4edd",
  "outputs": {},
  "resources": [
    {
      "mode": "managed",
      "type": "local_sensitive_file",
      "name": "aws-cred",
      "provider": "provider[\"registry.terraform.io/hashicorp/local\"]",
      "instances": [
        {
          "schema_version": 0,
          "attributes": {
            "content": "    key_name =    secret_key = ",
            "content_base64": null,
            "content_base64sha256": "k4apKqAtjlGG98txT5FU9xbm8IWK5fqwwI2sR+RWJBc=",
            "content_base64sha512": "nQGSBM7Of01XEmhTxRhEwGS4b4Wijm1FfhTilRIhhEovsHyXVVTB3/Sqf1PaFJWXpLFwwMrkhMvzFLyJCMU4dg==",
            "content_md5": "5e5113971f3de6e7a1a167fcfda03bea",
            "content_sha1": "b09d6a43135b8bc697de8464da684c7f51d924c3",
            "content_sha256": "9386a92aa02d8e5186f7cb714f9154f716e6f0858ae5fab0c08dac47e4562417",
            "content_sha512": "9d019204cece7f4d57126853c51844c064b86f85a28e6d457e14e2951221844a2fb07c975554c1dff4aa7f53da149597a4b170c0cae484cbf314bc8908c53876",
            "directory_permission": "0700",
            "file_permission": "0700",
            "filename": "./aws-cred.txt",
            "id": "b09d6a43135b8bc697de8464da684c7f51d924c3",
            "source": null
          },
          "sensitive_attributes": []
        }
      ]
    }
  ],
  "check_results": null
}
