{
  "version": 4,
  "terraform_version": "1.6.5",
  "serial": 164,
  "lineage": "0a19a069-2809-5c16-6e5e-4a120b4b4edd",
  "outputs": {
    "instance_data": {
      "value": {
        "ami": "ami-0f8d2a6080634ee69",
        "arn": "arn:aws:ec2:me-south-1:729207654069:instance/i-064280a2752cf44e2",
        "associate_public_ip_address": false,
        "availability_zone": "me-south-1a",
        "credit_specification": [
          {
            "cpu_credits": "unlimited"
          }
        ],
        "disable_api_stop": false,
        "disable_api_termination": false,
        "ebs_block_device": [],
        "ebs_optimized": false,
        "enclave_options": [
          {
            "enabled": false
          }
        ],
        "ephemeral_block_device": [],
        "filter": null,
        "get_password_data": false,
        "get_user_data": false,
        "host_id": "",
        "host_resource_group_arn": "",
        "iam_instance_profile": "",
        "id": "i-064280a2752cf44e2",
        "instance_id": "i-064280a2752cf44e2",
        "instance_state": "stopped",
        "instance_tags": null,
        "instance_type": "t3.micro",
        "ipv6_addresses": [],
        "key_name": "Key-pair-Bahrain",
        "maintenance_options": [
          {
            "auto_recovery": "default"
          }
        ],
        "metadata_options": [
          {
            "http_endpoint": "enabled",
            "http_protocol_ipv6": "disabled",
            "http_put_response_hop_limit": 1,
            "http_tokens": "optional",
            "instance_metadata_tags": "disabled"
          }
        ],
        "monitoring": false,
        "network_interface_id": "eni-0585c54285f72e167",
        "outpost_arn": "",
        "password_data": null,
        "placement_group": "",
        "placement_partition_number": 0,
        "private_dns": "ip-172-31-7-116.me-south-1.compute.internal",
        "private_dns_name_options": [
          {
            "enable_resource_name_dns_a_record": false,
            "enable_resource_name_dns_aaaa_record": false,
            "hostname_type": "ip-name"
          }
        ],
        "private_ip": "172.31.7.116",
        "public_dns": "",
        "public_ip": "",
        "root_block_device": [
          {
            "delete_on_termination": true,
            "device_name": "/dev/sda1",
            "encrypted": false,
            "iops": 100,
            "kms_key_id": "",
            "tags": {},
            "throughput": 0,
            "volume_id": "vol-0bed4005df8f1d9ec",
            "volume_size": 8,
            "volume_type": "gp2"
          }
        ],
        "secondary_private_ips": [],
        "security_groups": [
          "first-group-for-Bahrain"
        ],
        "source_dest_check": true,
        "subnet_id": "subnet-04b574948025f5ab5",
        "tags": {
          "Name": "Ubuntu - server #1 "
        },
        "tenancy": "default",
        "timeouts": null,
        "user_data": null,
        "user_data_base64": null,
        "vpc_security_group_ids": [
          "sg-008bf23ce5571e4c5"
        ]
      },
      "type": [
        "object",
        {
          "ami": "string",
          "arn": "string",
          "associate_public_ip_address": "bool",
          "availability_zone": "string",
          "credit_specification": [
            "list",
            [
              "object",
              {
                "cpu_credits": "string"
              }
            ]
          ],
          "disable_api_stop": "bool",
          "disable_api_termination": "bool",
          "ebs_block_device": [
            "set",
            [
              "object",
              {
                "delete_on_termination": "bool",
                "device_name": "string",
                "encrypted": "bool",
                "iops": "number",
                "kms_key_id": "string",
                "snapshot_id": "string",
                "tags": [
                  "map",
                  "string"
                ],
                "throughput": "number",
                "volume_id": "string",
                "volume_size": "number",
                "volume_type": "string"
              }
            ]
          ],
          "ebs_optimized": "bool",
          "enclave_options": [
            "list",
            [
              "object",
              {
                "enabled": "bool"
              }
            ]
          ],
          "ephemeral_block_device": [
            "list",
            [
              "object",
              {
                "device_name": "string",
                "no_device": "bool",
                "virtual_name": "string"
              }
            ]
          ],
          "filter": [
            "set",
            [
              "object",
              {
                "name": "string",
                "values": [
                  "set",
                  "string"
                ]
              }
            ]
          ],
          "get_password_data": "bool",
          "get_user_data": "bool",
          "host_id": "string",
          "host_resource_group_arn": "string",
          "iam_instance_profile": "string",
          "id": "string",
          "instance_id": "string",
          "instance_state": "string",
          "instance_tags": [
            "map",
            "string"
          ],
          "instance_type": "string",
          "ipv6_addresses": [
            "set",
            "string"
          ],
          "key_name": "string",
          "maintenance_options": [
            "list",
            [
              "object",
              {
                "auto_recovery": "string"
              }
            ]
          ],
          "metadata_options": [
            "list",
            [
              "object",
              {
                "http_endpoint": "string",
                "http_protocol_ipv6": "string",
                "http_put_response_hop_limit": "number",
                "http_tokens": "string",
                "instance_metadata_tags": "string"
              }
            ]
          ],
          "monitoring": "bool",
          "network_interface_id": "string",
          "outpost_arn": "string",
          "password_data": "string",
          "placement_group": "string",
          "placement_partition_number": "number",
          "private_dns": "string",
          "private_dns_name_options": [
            "list",
            [
              "object",
              {
                "enable_resource_name_dns_a_record": "bool",
                "enable_resource_name_dns_aaaa_record": "bool",
                "hostname_type": "string"
              }
            ]
          ],
          "private_ip": "string",
          "public_dns": "string",
          "public_ip": "string",
          "root_block_device": [
            "set",
            [
              "object",
              {
                "delete_on_termination": "bool",
                "device_name": "string",
                "encrypted": "bool",
                "iops": "number",
                "kms_key_id": "string",
                "tags": [
                  "map",
                  "string"
                ],
                "throughput": "number",
                "volume_id": "string",
                "volume_size": "number",
                "volume_type": "string"
              }
            ]
          ],
          "secondary_private_ips": [
            "set",
            "string"
          ],
          "security_groups": [
            "set",
            "string"
          ],
          "source_dest_check": "bool",
          "subnet_id": "string",
          "tags": [
            "map",
            "string"
          ],
          "tenancy": "string",
          "timeouts": [
            "object",
            {
              "read": "string"
            }
          ],
          "user_data": "string",
          "user_data_base64": "string",
          "vpc_security_group_ids": [
            "set",
            "string"
          ]
        }
      ]
    }
  },
  "resources": [
    {
      "mode": "data",
      "type": "aws_instance",
      "name": "ubuntu-server-data",
      "provider": "provider[\"registry.terraform.io/hashicorp/aws\"]",
      "instances": [
        {
          "schema_version": 0,
          "attributes": {
            "ami": "ami-0f8d2a6080634ee69",
            "arn": "arn:aws:ec2:me-south-1:729207654069:instance/i-064280a2752cf44e2",
            "associate_public_ip_address": false,
            "availability_zone": "me-south-1a",
            "credit_specification": [
              {
                "cpu_credits": "unlimited"
              }
            ],
            "disable_api_stop": false,
            "disable_api_termination": false,
            "ebs_block_device": [],
            "ebs_optimized": false,
            "enclave_options": [
              {
                "enabled": false
              }
            ],
            "ephemeral_block_device": [],
            "filter": null,
            "get_password_data": false,
            "get_user_data": false,
            "host_id": "",
            "host_resource_group_arn": "",
            "iam_instance_profile": "",
            "id": "i-064280a2752cf44e2",
            "instance_id": "i-064280a2752cf44e2",
            "instance_state": "stopped",
            "instance_tags": null,
            "instance_type": "t3.micro",
            "ipv6_addresses": [],
            "key_name": "Key-pair-Bahrain",
            "maintenance_options": [
              {
                "auto_recovery": "default"
              }
            ],
            "metadata_options": [
              {
                "http_endpoint": "enabled",
                "http_protocol_ipv6": "disabled",
                "http_put_response_hop_limit": 1,
                "http_tokens": "optional",
                "instance_metadata_tags": "disabled"
              }
            ],
            "monitoring": false,
            "network_interface_id": "eni-0585c54285f72e167",
            "outpost_arn": "",
            "password_data": null,
            "placement_group": "",
            "placement_partition_number": 0,
            "private_dns": "ip-172-31-7-116.me-south-1.compute.internal",
            "private_dns_name_options": [
              {
                "enable_resource_name_dns_a_record": false,
                "enable_resource_name_dns_aaaa_record": false,
                "hostname_type": "ip-name"
              }
            ],
            "private_ip": "172.31.7.116",
            "public_dns": "",
            "public_ip": "",
            "root_block_device": [
              {
                "delete_on_termination": true,
                "device_name": "/dev/sda1",
                "encrypted": false,
                "iops": 100,
                "kms_key_id": "",
                "tags": {},
                "throughput": 0,
                "volume_id": "vol-0bed4005df8f1d9ec",
                "volume_size": 8,
                "volume_type": "gp2"
              }
            ],
            "secondary_private_ips": [],
            "security_groups": [
              "first-group-for-Bahrain"
            ],
            "source_dest_check": true,
            "subnet_id": "subnet-04b574948025f5ab5",
            "tags": {
              "Name": "Ubuntu - server #1 "
            },
            "tenancy": "default",
            "timeouts": null,
            "user_data": null,
            "user_data_base64": null,
            "vpc_security_group_ids": [
              "sg-008bf23ce5571e4c5"
            ]
          },
          "sensitive_attributes": []
        }
      ]
    },
    {
      "mode": "managed",
      "type": "aws_instance",
      "name": "Ubuntu-jenkins",
      "provider": "provider[\"registry.terraform.io/hashicorp/aws\"]",
      "instances": [
        {
          "index_key": 0,
          "schema_version": 1,
          "attributes": {
            "ami": "ami-0f8d2a6080634ee69",
            "arn": "arn:aws:ec2:me-south-1:729207654069:instance/i-0136547800f73f95b",
            "associate_public_ip_address": true,
            "availability_zone": "me-south-1a",
            "capacity_reservation_specification": [
              {
                "capacity_reservation_preference": "open",
                "capacity_reservation_target": []
              }
            ],
            "cpu_core_count": 1,
            "cpu_options": [
              {
                "amd_sev_snp": "",
                "core_count": 1,
                "threads_per_core": 2
              }
            ],
            "cpu_threads_per_core": 2,
            "credit_specification": [
              {
                "cpu_credits": "unlimited"
              }
            ],
            "disable_api_stop": false,
            "disable_api_termination": false,
            "ebs_block_device": [],
            "ebs_optimized": false,
            "enclave_options": [
              {
                "enabled": false
              }
            ],
            "ephemeral_block_device": [],
            "get_password_data": false,
            "hibernation": false,
            "host_id": "",
            "host_resource_group_arn": null,
            "iam_instance_profile": "",
            "id": "i-0136547800f73f95b",
            "instance_initiated_shutdown_behavior": "stop",
            "instance_lifecycle": "",
            "instance_market_options": [],
            "instance_state": "running",
            "instance_type": "t3.micro",
            "ipv6_address_count": 0,
            "ipv6_addresses": [],
            "key_name": "",
            "launch_template": [],
            "maintenance_options": [
              {
                "auto_recovery": "default"
              }
            ],
            "metadata_options": [
              {
                "http_endpoint": "enabled",
                "http_protocol_ipv6": "disabled",
                "http_put_response_hop_limit": 1,
                "http_tokens": "optional",
                "instance_metadata_tags": "disabled"
              }
            ],
            "monitoring": false,
            "network_interface": [],
            "outpost_arn": "",
            "password_data": "",
            "placement_group": "",
            "placement_partition_number": 0,
            "primary_network_interface_id": "eni-085d4b3e0f6539144",
            "private_dns": "ip-172-31-4-108.me-south-1.compute.internal",
            "private_dns_name_options": [
              {
                "enable_resource_name_dns_a_record": false,
                "enable_resource_name_dns_aaaa_record": false,
                "hostname_type": "ip-name"
              }
            ],
            "private_ip": "172.31.4.108",
            "public_dns": "ec2-16-24-73-211.me-south-1.compute.amazonaws.com",
            "public_ip": "16.24.73.211",
            "root_block_device": [
              {
                "delete_on_termination": true,
                "device_name": "/dev/sda1",
                "encrypted": false,
                "iops": 100,
                "kms_key_id": "",
                "tags": {},
                "throughput": 0,
                "volume_id": "vol-073774fa9da1932f8",
                "volume_size": 8,
                "volume_type": "gp2"
              }
            ],
            "secondary_private_ips": [],
            "security_groups": [
              "default"
            ],
            "source_dest_check": true,
            "spot_instance_request_id": "",
            "subnet_id": "subnet-04b574948025f5ab5",
            "tags": {
              "name": "Jenkins-Server-Master"
            },
            "tags_all": {
              "name": "Jenkins-Server-Master"
            },
            "tenancy": "default",
            "timeouts": null,
            "user_data": null,
            "user_data_base64": null,
            "user_data_replace_on_change": false,
            "volume_tags": null,
            "vpc_security_group_ids": [
              "sg-0bfd67779e9f29442"
            ]
          },
          "sensitive_attributes": [],
          "private": "eyJlMmJmYjczMC1lY2FhLTExZTYtOGY4OC0zNDM2M2JjN2M0YzAiOnsiY3JlYXRlIjo2MDAwMDAwMDAwMDAsImRlbGV0ZSI6MTIwMDAwMDAwMDAwMCwidXBkYXRlIjo2MDAwMDAwMDAwMDB9LCJzY2hlbWFfdmVyc2lvbiI6IjEifQ=="
        },
        {
          "index_key": 1,
          "schema_version": 1,
          "attributes": {
            "ami": "ami-0f8d2a6080634ee69",
            "arn": "arn:aws:ec2:me-south-1:729207654069:instance/i-03b78a8d95991f47a",
            "associate_public_ip_address": true,
            "availability_zone": "me-south-1a",
            "capacity_reservation_specification": [
              {
                "capacity_reservation_preference": "open",
                "capacity_reservation_target": []
              }
            ],
            "cpu_core_count": 1,
            "cpu_options": [
              {
                "amd_sev_snp": "",
                "core_count": 1,
                "threads_per_core": 2
              }
            ],
            "cpu_threads_per_core": 2,
            "credit_specification": [
              {
                "cpu_credits": "unlimited"
              }
            ],
            "disable_api_stop": false,
            "disable_api_termination": false,
            "ebs_block_device": [],
            "ebs_optimized": false,
            "enclave_options": [
              {
                "enabled": false
              }
            ],
            "ephemeral_block_device": [],
            "get_password_data": false,
            "hibernation": false,
            "host_id": "",
            "host_resource_group_arn": null,
            "iam_instance_profile": "",
            "id": "i-03b78a8d95991f47a",
            "instance_initiated_shutdown_behavior": "stop",
            "instance_lifecycle": "",
            "instance_market_options": [],
            "instance_state": "running",
            "instance_type": "t3.micro",
            "ipv6_address_count": 0,
            "ipv6_addresses": [],
            "key_name": "",
            "launch_template": [],
            "maintenance_options": [
              {
                "auto_recovery": "default"
              }
            ],
            "metadata_options": [
              {
                "http_endpoint": "enabled",
                "http_protocol_ipv6": "disabled",
                "http_put_response_hop_limit": 1,
                "http_tokens": "optional",
                "instance_metadata_tags": "disabled"
              }
            ],
            "monitoring": false,
            "network_interface": [],
            "outpost_arn": "",
            "password_data": "",
            "placement_group": "",
            "placement_partition_number": 0,
            "primary_network_interface_id": "eni-0d1fd10cf88d6a996",
            "private_dns": "ip-172-31-0-185.me-south-1.compute.internal",
            "private_dns_name_options": [
              {
                "enable_resource_name_dns_a_record": false,
                "enable_resource_name_dns_aaaa_record": false,
                "hostname_type": "ip-name"
              }
            ],
            "private_ip": "172.31.0.185",
            "public_dns": "ec2-15-185-76-222.me-south-1.compute.amazonaws.com",
            "public_ip": "15.185.76.222",
            "root_block_device": [
              {
                "delete_on_termination": true,
                "device_name": "/dev/sda1",
                "encrypted": false,
                "iops": 100,
                "kms_key_id": "",
                "tags": {},
                "throughput": 0,
                "volume_id": "vol-0735e9222f54a6754",
                "volume_size": 8,
                "volume_type": "gp2"
              }
            ],
            "secondary_private_ips": [],
            "security_groups": [
              "default"
            ],
            "source_dest_check": true,
            "spot_instance_request_id": "",
            "subnet_id": "subnet-04b574948025f5ab5",
            "tags": {
              "name": "Jenkins-Worker-Node -1"
            },
            "tags_all": {
              "name": "Jenkins-Worker-Node -1"
            },
            "tenancy": "default",
            "timeouts": null,
            "user_data": null,
            "user_data_base64": null,
            "user_data_replace_on_change": false,
            "volume_tags": null,
            "vpc_security_group_ids": [
              "sg-0bfd67779e9f29442"
            ]
          },
          "sensitive_attributes": [],
          "private": "eyJlMmJmYjczMC1lY2FhLTExZTYtOGY4OC0zNDM2M2JjN2M0YzAiOnsiY3JlYXRlIjo2MDAwMDAwMDAwMDAsImRlbGV0ZSI6MTIwMDAwMDAwMDAwMCwidXBkYXRlIjo2MDAwMDAwMDAwMDB9LCJzY2hlbWFfdmVyc2lvbiI6IjEifQ=="
        },
        {
          "index_key": 2,
          "schema_version": 1,
          "attributes": {
            "ami": "ami-0f8d2a6080634ee69",
            "arn": "arn:aws:ec2:me-south-1:729207654069:instance/i-035e314d7c15fe522",
            "associate_public_ip_address": true,
            "availability_zone": "me-south-1a",
            "capacity_reservation_specification": [
              {
                "capacity_reservation_preference": "open",
                "capacity_reservation_target": []
              }
            ],
            "cpu_core_count": 1,
            "cpu_options": [
              {
                "amd_sev_snp": "",
                "core_count": 1,
                "threads_per_core": 2
              }
            ],
            "cpu_threads_per_core": 2,
            "credit_specification": [
              {
                "cpu_credits": "unlimited"
              }
            ],
            "disable_api_stop": false,
            "disable_api_termination": false,
            "ebs_block_device": [],
            "ebs_optimized": false,
            "enclave_options": [
              {
                "enabled": false
              }
            ],
            "ephemeral_block_device": [],
            "get_password_data": false,
            "hibernation": false,
            "host_id": "",
            "host_resource_group_arn": null,
            "iam_instance_profile": "",
            "id": "i-035e314d7c15fe522",
            "instance_initiated_shutdown_behavior": "stop",
            "instance_lifecycle": "",
            "instance_market_options": [],
            "instance_state": "running",
            "instance_type": "t3.micro",
            "ipv6_address_count": 0,
            "ipv6_addresses": [],
            "key_name": "",
            "launch_template": [],
            "maintenance_options": [
              {
                "auto_recovery": "default"
              }
            ],
            "metadata_options": [
              {
                "http_endpoint": "enabled",
                "http_protocol_ipv6": "disabled",
                "http_put_response_hop_limit": 1,
                "http_tokens": "optional",
                "instance_metadata_tags": "disabled"
              }
            ],
            "monitoring": false,
            "network_interface": [],
            "outpost_arn": "",
            "password_data": "",
            "placement_group": "",
            "placement_partition_number": 0,
            "primary_network_interface_id": "eni-094ce2ab50aebf829",
            "private_dns": "ip-172-31-8-182.me-south-1.compute.internal",
            "private_dns_name_options": [
              {
                "enable_resource_name_dns_a_record": false,
                "enable_resource_name_dns_aaaa_record": false,
                "hostname_type": "ip-name"
              }
            ],
            "private_ip": "172.31.8.182",
            "public_dns": "ec2-157-175-224-218.me-south-1.compute.amazonaws.com",
            "public_ip": "157.175.224.218",
            "root_block_device": [
              {
                "delete_on_termination": true,
                "device_name": "/dev/sda1",
                "encrypted": false,
                "iops": 100,
                "kms_key_id": "",
                "tags": {},
                "throughput": 0,
                "volume_id": "vol-061f6d0b4620667f0",
                "volume_size": 8,
                "volume_type": "gp2"
              }
            ],
            "secondary_private_ips": [],
            "security_groups": [
              "default"
            ],
            "source_dest_check": true,
            "spot_instance_request_id": "",
            "subnet_id": "subnet-04b574948025f5ab5",
            "tags": {
              "name": "Jenkins-Worker-Node -2"
            },
            "tags_all": {
              "name": "Jenkins-Worker-Node -2"
            },
            "tenancy": "default",
            "timeouts": null,
            "user_data": null,
            "user_data_base64": null,
            "user_data_replace_on_change": false,
            "volume_tags": null,
            "vpc_security_group_ids": [
              "sg-0bfd67779e9f29442"
            ]
          },
          "sensitive_attributes": [],
          "private": "eyJlMmJmYjczMC1lY2FhLTExZTYtOGY4OC0zNDM2M2JjN2M0YzAiOnsiY3JlYXRlIjo2MDAwMDAwMDAwMDAsImRlbGV0ZSI6MTIwMDAwMDAwMDAwMCwidXBkYXRlIjo2MDAwMDAwMDAwMDB9LCJzY2hlbWFfdmVyc2lvbiI6IjEifQ=="
        },
        {
          "index_key": 3,
          "schema_version": 1,
          "attributes": {
            "ami": "ami-0f8d2a6080634ee69",
            "arn": "arn:aws:ec2:me-south-1:729207654069:instance/i-05d5326099ffbb006",
            "associate_public_ip_address": true,
            "availability_zone": "me-south-1a",
            "capacity_reservation_specification": [
              {
                "capacity_reservation_preference": "open",
                "capacity_reservation_target": []
              }
            ],
            "cpu_core_count": 1,
            "cpu_options": [
              {
                "amd_sev_snp": "",
                "core_count": 1,
                "threads_per_core": 2
              }
            ],
            "cpu_threads_per_core": 2,
            "credit_specification": [
              {
                "cpu_credits": "unlimited"
              }
            ],
            "disable_api_stop": false,
            "disable_api_termination": false,
            "ebs_block_device": [],
            "ebs_optimized": false,
            "enclave_options": [
              {
                "enabled": false
              }
            ],
            "ephemeral_block_device": [],
            "get_password_data": false,
            "hibernation": false,
            "host_id": "",
            "host_resource_group_arn": null,
            "iam_instance_profile": "",
            "id": "i-05d5326099ffbb006",
            "instance_initiated_shutdown_behavior": "stop",
            "instance_lifecycle": "",
            "instance_market_options": [],
            "instance_state": "running",
            "instance_type": "t3.micro",
            "ipv6_address_count": 0,
            "ipv6_addresses": [],
            "key_name": "",
            "launch_template": [],
            "maintenance_options": [
              {
                "auto_recovery": "default"
              }
            ],
            "metadata_options": [
              {
                "http_endpoint": "enabled",
                "http_protocol_ipv6": "disabled",
                "http_put_response_hop_limit": 1,
                "http_tokens": "optional",
                "instance_metadata_tags": "disabled"
              }
            ],
            "monitoring": false,
            "network_interface": [],
            "outpost_arn": "",
            "password_data": "",
            "placement_group": "",
            "placement_partition_number": 0,
            "primary_network_interface_id": "eni-084f882eb81279a57",
            "private_dns": "ip-172-31-2-155.me-south-1.compute.internal",
            "private_dns_name_options": [
              {
                "enable_resource_name_dns_a_record": false,
                "enable_resource_name_dns_aaaa_record": false,
                "hostname_type": "ip-name"
              }
            ],
            "private_ip": "172.31.2.155",
            "public_dns": "ec2-157-175-205-211.me-south-1.compute.amazonaws.com",
            "public_ip": "157.175.205.211",
            "root_block_device": [
              {
                "delete_on_termination": true,
                "device_name": "/dev/sda1",
                "encrypted": false,
                "iops": 100,
                "kms_key_id": "",
                "tags": {},
                "throughput": 0,
                "volume_id": "vol-0e3c058b6f28d1a76",
                "volume_size": 8,
                "volume_type": "gp2"
              }
            ],
            "secondary_private_ips": [],
            "security_groups": [
              "default"
            ],
            "source_dest_check": true,
            "spot_instance_request_id": "",
            "subnet_id": "subnet-04b574948025f5ab5",
            "tags": {
              "name": "Jenkins-Worker-Node -3"
            },
            "tags_all": {
              "name": "Jenkins-Worker-Node -3"
            },
            "tenancy": "default",
            "timeouts": null,
            "user_data": null,
            "user_data_base64": null,
            "user_data_replace_on_change": false,
            "volume_tags": null,
            "vpc_security_group_ids": [
              "sg-0bfd67779e9f29442"
            ]
          },
          "sensitive_attributes": [],
          "private": "eyJlMmJmYjczMC1lY2FhLTExZTYtOGY4OC0zNDM2M2JjN2M0YzAiOnsiY3JlYXRlIjo2MDAwMDAwMDAwMDAsImRlbGV0ZSI6MTIwMDAwMDAwMDAwMCwidXBkYXRlIjo2MDAwMDAwMDAwMDB9LCJzY2hlbWFfdmVyc2lvbiI6IjEifQ=="
        }
      ]
    },
    {
      "mode": "managed",
      "type": "aws_s3_bucket",
      "name": "first_bucket_bahrain",
      "provider": "provider[\"registry.terraform.io/hashicorp/aws\"]",
      "instances": [
        {
          "schema_version": 0,
          "attributes": {
            "acceleration_status": null,
            "acl": null,
            "arn": "arn:aws:s3:::first-bucket-bahrain",
            "bucket": "first-bucket-bahrain",
            "bucket_domain_name": "first-bucket-bahrain.s3.amazonaws.com",
            "bucket_prefix": "",
            "bucket_regional_domain_name": "first-bucket-bahrain.s3.me-south-1.amazonaws.com",
            "cors_rule": [],
            "force_destroy": false,
            "grant": [
              {
                "id": "11d929810e5d73cfd0c8add13c83216d1e9a1a1c1b8581af67faa29880bdb578",
                "permissions": [
                  "FULL_CONTROL"
                ],
                "type": "CanonicalUser",
                "uri": ""
              }
            ],
            "hosted_zone_id": "Z1MPMWCPA7YB62",
            "id": "first-bucket-bahrain",
            "lifecycle_rule": [],
            "logging": [],
            "object_lock_configuration": [],
            "object_lock_enabled": false,
            "policy": "",
            "region": "me-south-1",
            "replication_configuration": [],
            "request_payer": "BucketOwner",
            "server_side_encryption_configuration": [
              {
                "rule": [
                  {
                    "apply_server_side_encryption_by_default": [
                      {
                        "kms_master_key_id": "",
                        "sse_algorithm": "AES256"
                      }
                    ],
                    "bucket_key_enabled": false
                  }
                ]
              }
            ],
            "tags": {
              "name": "First-bucket-Bahrain",
              "region": "me-south-1"
            },
            "tags_all": {
              "name": "First-bucket-Bahrain",
              "region": "me-south-1"
            },
            "timeouts": null,
            "versioning": [
              {
                "enabled": false,
                "mfa_delete": false
              }
            ],
            "website": [],
            "website_domain": null,
            "website_endpoint": null
          },
          "sensitive_attributes": [],
          "private": "eyJlMmJmYjczMC1lY2FhLTExZTYtOGY4OC0zNDM2M2JjN2M0YzAiOnsiY3JlYXRlIjoxMjAwMDAwMDAwMDAwLCJkZWxldGUiOjM2MDAwMDAwMDAwMDAsInJlYWQiOjEyMDAwMDAwMDAwMDAsInVwZGF0ZSI6MTIwMDAwMDAwMDAwMH19"
        }
      ]
    },
    {
      "mode": "managed",
      "type": "local_file",
      "name": "aws_instance_details",
      "provider": "provider[\"registry.terraform.io/hashicorp/local\"]",
      "instances": [
        {
          "schema_version": 0,
          "attributes": {
            "content": "{\"ami\":\"ami-0f8d2a6080634ee69\",\"arn\":\"arn:aws:ec2:me-south-1:729207654069:instance/i-064280a2752cf44e2\",\"associate_public_ip_address\":false,\"availability_zone\":\"me-south-1a\",\"credit_specification\":[{\"cpu_credits\":\"unlimited\"}],\"disable_api_stop\":false,\"disable_api_termination\":false,\"ebs_block_device\":[],\"ebs_optimized\":false,\"enclave_options\":[{\"enabled\":false}],\"ephemeral_block_device\":[],\"filter\":null,\"get_password_data\":false,\"get_user_data\":false,\"host_id\":\"\",\"host_resource_group_arn\":\"\",\"iam_instance_profile\":\"\",\"id\":\"i-064280a2752cf44e2\",\"instance_id\":\"i-064280a2752cf44e2\",\"instance_state\":\"stopped\",\"instance_tags\":null,\"instance_type\":\"t3.micro\",\"ipv6_addresses\":[],\"key_name\":\"Key-pair-Bahrain\",\"maintenance_options\":[{\"auto_recovery\":\"default\"}],\"metadata_options\":[{\"http_endpoint\":\"enabled\",\"http_protocol_ipv6\":\"disabled\",\"http_put_response_hop_limit\":1,\"http_tokens\":\"optional\",\"instance_metadata_tags\":\"disabled\"}],\"monitoring\":false,\"network_interface_id\":\"eni-0585c54285f72e167\",\"outpost_arn\":\"\",\"password_data\":null,\"placement_group\":\"\",\"placement_partition_number\":0,\"private_dns\":\"ip-172-31-7-116.me-south-1.compute.internal\",\"private_dns_name_options\":[{\"enable_resource_name_dns_a_record\":false,\"enable_resource_name_dns_aaaa_record\":false,\"hostname_type\":\"ip-name\"}],\"private_ip\":\"172.31.7.116\",\"public_dns\":\"\",\"public_ip\":\"\",\"root_block_device\":[{\"delete_on_termination\":true,\"device_name\":\"/dev/sda1\",\"encrypted\":false,\"iops\":100,\"kms_key_id\":\"\",\"tags\":{},\"throughput\":0,\"volume_id\":\"vol-0bed4005df8f1d9ec\",\"volume_size\":8,\"volume_type\":\"gp2\"}],\"secondary_private_ips\":[],\"security_groups\":[\"first-group-for-Bahrain\"],\"source_dest_check\":true,\"subnet_id\":\"subnet-04b574948025f5ab5\",\"tags\":{\"Name\":\"Ubuntu - server #1 \"},\"tenancy\":\"default\",\"timeouts\":null,\"user_data\":null,\"user_data_base64\":null,\"vpc_security_group_ids\":[\"sg-008bf23ce5571e4c5\"]}",
            "content_base64": null,
            "content_base64sha256": "MGDJXi2sc4SfKgJuwHSl5LAhuWNhtCyBLBdiLnz9gDY=",
            "content_base64sha512": "lfGcUKBSVetD/thWHKo01C0hSEs/lA/0nlv+p/4dzV8gSAWAHHkMpCyOqN1hWSdTopeqC2wvq6R4Yo1b+Mz6qw==",
            "content_md5": "e82efa80cda7a50719e90f9377345aca",
            "content_sha1": "52038d84f75aeeb3b6fd18bfbdc2416c39b715ab",
            "content_sha256": "3060c95e2dac73849f2a026ec074a5e4b021b96361b42c812c17622e7cfd8036",
            "content_sha512": "95f19c50a05255eb43fed8561caa34d42d21484b3f940ff49e5bfea7fe1dcd5f204805801c790ca42c8ea8dd61592753a297aa0b6c2faba478628d5bf8ccfaab",
            "directory_permission": "0777",
            "file_permission": "0777",
            "filename": "aws-instance-details.json",
            "id": "52038d84f75aeeb3b6fd18bfbdc2416c39b715ab",
            "sensitive_content": null,
            "source": null
          },
          "sensitive_attributes": [],
          "dependencies": [
            "data.aws_instance.ubuntu-server-data"
          ]
        }
      ]
    },
    {
      "mode": "managed",
      "type": "local_sensitive_file",
      "name": "aws-cred",
      "provider": "provider[\"registry.terraform.io/hashicorp/local\"]",
      "instances": [
        {
          "schema_version": 0,
          "attributes": {
            "content": "",
            "content_base64": null,
            "content_base64sha256": "47DEQpj8HBSa+/TImW+5JCeuQeRkm5NMpJWZG3hSuFU=",
            "content_base64sha512": "z4PhNX7vuL3xVChQ1m2AB9Yg5AULVxXcg/SpIdNs6c5H0NE8XYXysP+DGNKHfuwvY7kxvUdBeoGlODJ6+SfaPg==",
            "content_md5": "d41d8cd98f00b204e9800998ecf8427e",
            "content_sha1": "da39a3ee5e6b4b0d3255bfef95601890afd80709",
            "content_sha256": "e3b0c44298fc1c149afbf4c8996fb92427ae41e4649b934ca495991b7852b855",
            "content_sha512": "cf83e1357eefb8bdf1542850d66d8007d620e4050b5715dc83f4a921d36ce9ce47d0d13c5d85f2b0ff8318d2877eec2f63b931bd47417a81a538327af927da3e",
            "directory_permission": "0700",
            "file_permission": "0700",
            "filename": "./aws-cred.txt",
            "id": "da39a3ee5e6b4b0d3255bfef95601890afd80709",
            "source": null
          },
          "sensitive_attributes": []
        }
      ]
    }
  ],
  "check_results": null
}
