{
  "version": 4,
  "terraform_version": "1.6.5",
  "serial": 207,
  "lineage": "0a19a069-2809-5c16-6e5e-4a120b4b4edd",
  "outputs": {
    "instance_data": {
      "value": {
        "ami": "ami-0f8d2a6080634ee69",
        "arn": "arn:aws:ec2:me-south-1:729207654069:instance/i-064280a2752cf44e2",
        "associate_public_ip_address": null,
        "availability_zone": "me-south-1a",
        "credit_specification": [
          {
            "cpu_credits": "unlimited"
          }
        ],
        "disable_api_stop": false,
        "disable_api_termination": false,
        "ebs_block_device": [],
        "ebs_optimized": false,
        "enclave_options": [
          {
            "enabled": false
          }
        ],
        "ephemeral_block_device": [],
        "filter": null,
        "get_password_data": false,
        "get_user_data": false,
        "host_id": "",
        "host_resource_group_arn": "",
        "iam_instance_profile": "",
        "id": "i-064280a2752cf44e2",
        "instance_id": "i-064280a2752cf44e2",
        "instance_state": "terminated",
        "instance_tags": null,
        "instance_type": "t3.micro",
        "ipv6_addresses": [],
        "key_name": "Key-pair-Bahrain",
        "maintenance_options": [
          {
            "auto_recovery": "default"
          }
        ],
        "metadata_options": [
          {
            "http_endpoint": "enabled",
            "http_protocol_ipv6": "disabled",
            "http_put_response_hop_limit": 1,
            "http_tokens": "optional",
            "instance_metadata_tags": "disabled"
          }
        ],
        "monitoring": false,
        "network_interface_id": "",
        "outpost_arn": "",
        "password_data": null,
        "placement_group": "",
        "placement_partition_number": 0,
        "private_dns": "",
        "private_dns_name_options": [],
        "private_ip": "",
        "public_dns": "",
        "public_ip": "",
        "root_block_device": [],
        "secondary_private_ips": [],
        "security_groups": [],
        "source_dest_check": null,
        "subnet_id": "",
        "tags": {
          "Name": "Ubuntu - server #1 "
        },
        "tenancy": "default",
        "timeouts": null,
        "user_data": null,
        "user_data_base64": null,
        "vpc_security_group_ids": []
      },
      "type": [
        "object",
        {
          "ami": "string",
          "arn": "string",
          "associate_public_ip_address": "bool",
          "availability_zone": "string",
          "credit_specification": [
            "list",
            [
              "object",
              {
                "cpu_credits": "string"
              }
            ]
          ],
          "disable_api_stop": "bool",
          "disable_api_termination": "bool",
          "ebs_block_device": [
            "set",
            [
              "object",
              {
                "delete_on_termination": "bool",
                "device_name": "string",
                "encrypted": "bool",
                "iops": "number",
                "kms_key_id": "string",
                "snapshot_id": "string",
                "tags": [
                  "map",
                  "string"
                ],
                "throughput": "number",
                "volume_id": "string",
                "volume_size": "number",
                "volume_type": "string"
              }
            ]
          ],
          "ebs_optimized": "bool",
          "enclave_options": [
            "list",
            [
              "object",
              {
                "enabled": "bool"
              }
            ]
          ],
          "ephemeral_block_device": [
            "list",
            [
              "object",
              {
                "device_name": "string",
                "no_device": "bool",
                "virtual_name": "string"
              }
            ]
          ],
          "filter": [
            "set",
            [
              "object",
              {
                "name": "string",
                "values": [
                  "set",
                  "string"
                ]
              }
            ]
          ],
          "get_password_data": "bool",
          "get_user_data": "bool",
          "host_id": "string",
          "host_resource_group_arn": "string",
          "iam_instance_profile": "string",
          "id": "string",
          "instance_id": "string",
          "instance_state": "string",
          "instance_tags": [
            "map",
            "string"
          ],
          "instance_type": "string",
          "ipv6_addresses": [
            "set",
            "string"
          ],
          "key_name": "string",
          "maintenance_options": [
            "list",
            [
              "object",
              {
                "auto_recovery": "string"
              }
            ]
          ],
          "metadata_options": [
            "list",
            [
              "object",
              {
                "http_endpoint": "string",
                "http_protocol_ipv6": "string",
                "http_put_response_hop_limit": "number",
                "http_tokens": "string",
                "instance_metadata_tags": "string"
              }
            ]
          ],
          "monitoring": "bool",
          "network_interface_id": "string",
          "outpost_arn": "string",
          "password_data": "string",
          "placement_group": "string",
          "placement_partition_number": "number",
          "private_dns": "string",
          "private_dns_name_options": [
            "list",
            [
              "object",
              {
                "enable_resource_name_dns_a_record": "bool",
                "enable_resource_name_dns_aaaa_record": "bool",
                "hostname_type": "string"
              }
            ]
          ],
          "private_ip": "string",
          "public_dns": "string",
          "public_ip": "string",
          "root_block_device": [
            "set",
            [
              "object",
              {
                "delete_on_termination": "bool",
                "device_name": "string",
                "encrypted": "bool",
                "iops": "number",
                "kms_key_id": "string",
                "tags": [
                  "map",
                  "string"
                ],
                "throughput": "number",
                "volume_id": "string",
                "volume_size": "number",
                "volume_type": "string"
              }
            ]
          ],
          "secondary_private_ips": [
            "set",
            "string"
          ],
          "security_groups": [
            "set",
            "string"
          ],
          "source_dest_check": "bool",
          "subnet_id": "string",
          "tags": [
            "map",
            "string"
          ],
          "tenancy": "string",
          "timeouts": [
            "object",
            {
              "read": "string"
            }
          ],
          "user_data": "string",
          "user_data_base64": "string",
          "vpc_security_group_ids": [
            "set",
            "string"
          ]
        }
      ]
    },
    "ips_of_instances": {
      "value": [
        "16.24.69.60",
        "15.184.206.5",
        "157.175.197.32",
        "157.175.186.192"
      ],
      "type": [
        "tuple",
        [
          "string",
          "string",
          "string",
          "string"
        ]
      ]
    }
  },
  "resources": [
    {
      "mode": "data",
      "type": "aws_instance",
      "name": "ubuntu-server-data",
      "provider": "provider[\"registry.terraform.io/hashicorp/aws\"]",
      "instances": [
        {
          "schema_version": 0,
          "attributes": {
            "ami": "ami-0f8d2a6080634ee69",
            "arn": "arn:aws:ec2:me-south-1:729207654069:instance/i-064280a2752cf44e2",
            "associate_public_ip_address": null,
            "availability_zone": "me-south-1a",
            "credit_specification": [
              {
                "cpu_credits": "unlimited"
              }
            ],
            "disable_api_stop": false,
            "disable_api_termination": false,
            "ebs_block_device": [],
            "ebs_optimized": false,
            "enclave_options": [
              {
                "enabled": false
              }
            ],
            "ephemeral_block_device": [],
            "filter": null,
            "get_password_data": false,
            "get_user_data": false,
            "host_id": "",
            "host_resource_group_arn": "",
            "iam_instance_profile": "",
            "id": "i-064280a2752cf44e2",
            "instance_id": "i-064280a2752cf44e2",
            "instance_state": "terminated",
            "instance_tags": null,
            "instance_type": "t3.micro",
            "ipv6_addresses": [],
            "key_name": "Key-pair-Bahrain",
            "maintenance_options": [
              {
                "auto_recovery": "default"
              }
            ],
            "metadata_options": [
              {
                "http_endpoint": "enabled",
                "http_protocol_ipv6": "disabled",
                "http_put_response_hop_limit": 1,
                "http_tokens": "optional",
                "instance_metadata_tags": "disabled"
              }
            ],
            "monitoring": false,
            "network_interface_id": "",
            "outpost_arn": "",
            "password_data": null,
            "placement_group": "",
            "placement_partition_number": 0,
            "private_dns": "",
            "private_dns_name_options": [],
            "private_ip": "",
            "public_dns": "",
            "public_ip": "",
            "root_block_device": [],
            "secondary_private_ips": [],
            "security_groups": [],
            "source_dest_check": null,
            "subnet_id": "",
            "tags": {
              "Name": "Ubuntu - server #1 "
            },
            "tenancy": "default",
            "timeouts": null,
            "user_data": null,
            "user_data_base64": null,
            "vpc_security_group_ids": []
          },
          "sensitive_attributes": []
        }
      ]
    },
    {
      "mode": "managed",
      "type": "aws_instance",
      "name": "Ubuntu-jenkins",
      "provider": "provider[\"registry.terraform.io/hashicorp/aws\"]",
      "instances": [
        {
          "index_key": 0,
          "schema_version": 1,
          "attributes": {
            "ami": "ami-0f8d2a6080634ee69",
            "arn": "arn:aws:ec2:me-south-1:729207654069:instance/i-0c413fcc96c016195",
            "associate_public_ip_address": true,
            "availability_zone": "me-south-1a",
            "capacity_reservation_specification": [
              {
                "capacity_reservation_preference": "open",
                "capacity_reservation_target": []
              }
            ],
            "cpu_core_count": 1,
            "cpu_options": [
              {
                "amd_sev_snp": "",
                "core_count": 1,
                "threads_per_core": 2
              }
            ],
            "cpu_threads_per_core": 2,
            "credit_specification": [
              {
                "cpu_credits": "unlimited"
              }
            ],
            "disable_api_stop": false,
            "disable_api_termination": false,
            "ebs_block_device": [],
            "ebs_optimized": false,
            "enclave_options": [
              {
                "enabled": false
              }
            ],
            "ephemeral_block_device": [],
            "get_password_data": false,
            "hibernation": false,
            "host_id": "",
            "host_resource_group_arn": null,
            "iam_instance_profile": "",
            "id": "i-0c413fcc96c016195",
            "instance_initiated_shutdown_behavior": "stop",
            "instance_lifecycle": "",
            "instance_market_options": [],
            "instance_state": "running",
            "instance_type": "t3.micro",
            "ipv6_address_count": 0,
            "ipv6_addresses": [],
            "key_name": "keypair-bahrain",
            "launch_template": [],
            "maintenance_options": [
              {
                "auto_recovery": "default"
              }
            ],
            "metadata_options": [
              {
                "http_endpoint": "enabled",
                "http_protocol_ipv6": "disabled",
                "http_put_response_hop_limit": 1,
                "http_tokens": "optional",
                "instance_metadata_tags": "disabled"
              }
            ],
            "monitoring": false,
            "network_interface": [],
            "outpost_arn": "",
            "password_data": "",
            "placement_group": "",
            "placement_partition_number": 0,
            "primary_network_interface_id": "eni-0eef401fb3469ac36",
            "private_dns": "ip-172-31-7-22.me-south-1.compute.internal",
            "private_dns_name_options": [
              {
                "enable_resource_name_dns_a_record": false,
                "enable_resource_name_dns_aaaa_record": false,
                "hostname_type": "ip-name"
              }
            ],
            "private_ip": "172.31.7.22",
            "public_dns": "ec2-16-24-69-60.me-south-1.compute.amazonaws.com",
            "public_ip": "16.24.69.60",
            "root_block_device": [
              {
                "delete_on_termination": true,
                "device_name": "/dev/sda1",
                "encrypted": false,
                "iops": 100,
                "kms_key_id": "",
                "tags": {},
                "throughput": 0,
                "volume_id": "vol-004b64542b2f0d3ba",
                "volume_size": 8,
                "volume_type": "gp2"
              }
            ],
            "secondary_private_ips": [],
            "security_groups": [
              "first-group-for-Bahrain"
            ],
            "source_dest_check": true,
            "spot_instance_request_id": "",
            "subnet_id": "subnet-04b574948025f5ab5",
            "tags": {
              "name": "Jenkins-Server-Master"
            },
            "tags_all": {
              "name": "Jenkins-Server-Master"
            },
            "tenancy": "default",
            "timeouts": null,
            "user_data": null,
            "user_data_base64": null,
            "user_data_replace_on_change": false,
            "volume_tags": null,
            "vpc_security_group_ids": [
              "sg-008bf23ce5571e4c5"
            ]
          },
          "sensitive_attributes": [],
          "private": "eyJlMmJmYjczMC1lY2FhLTExZTYtOGY4OC0zNDM2M2JjN2M0YzAiOnsiY3JlYXRlIjo2MDAwMDAwMDAwMDAsImRlbGV0ZSI6MTIwMDAwMDAwMDAwMCwidXBkYXRlIjo2MDAwMDAwMDAwMDB9LCJzY2hlbWFfdmVyc2lvbiI6IjEifQ=="
        },
        {
          "index_key": 1,
          "schema_version": 1,
          "attributes": {
            "ami": "ami-0f8d2a6080634ee69",
            "arn": "arn:aws:ec2:me-south-1:729207654069:instance/i-05b46efaf1153b5af",
            "associate_public_ip_address": true,
            "availability_zone": "me-south-1a",
            "capacity_reservation_specification": [
              {
                "capacity_reservation_preference": "open",
                "capacity_reservation_target": []
              }
            ],
            "cpu_core_count": 1,
            "cpu_options": [
              {
                "amd_sev_snp": "",
                "core_count": 1,
                "threads_per_core": 2
              }
            ],
            "cpu_threads_per_core": 2,
            "credit_specification": [
              {
                "cpu_credits": "unlimited"
              }
            ],
            "disable_api_stop": false,
            "disable_api_termination": false,
            "ebs_block_device": [],
            "ebs_optimized": false,
            "enclave_options": [
              {
                "enabled": false
              }
            ],
            "ephemeral_block_device": [],
            "get_password_data": false,
            "hibernation": false,
            "host_id": "",
            "host_resource_group_arn": null,
            "iam_instance_profile": "",
            "id": "i-05b46efaf1153b5af",
            "instance_initiated_shutdown_behavior": "stop",
            "instance_lifecycle": "",
            "instance_market_options": [],
            "instance_state": "running",
            "instance_type": "t3.micro",
            "ipv6_address_count": 0,
            "ipv6_addresses": [],
            "key_name": "keypair-bahrain",
            "launch_template": [],
            "maintenance_options": [
              {
                "auto_recovery": "default"
              }
            ],
            "metadata_options": [
              {
                "http_endpoint": "enabled",
                "http_protocol_ipv6": "disabled",
                "http_put_response_hop_limit": 1,
                "http_tokens": "optional",
                "instance_metadata_tags": "disabled"
              }
            ],
            "monitoring": false,
            "network_interface": [],
            "outpost_arn": "",
            "password_data": "",
            "placement_group": "",
            "placement_partition_number": 0,
            "primary_network_interface_id": "eni-0040dd6cbe5919421",
            "private_dns": "ip-172-31-2-168.me-south-1.compute.internal",
            "private_dns_name_options": [
              {
                "enable_resource_name_dns_a_record": false,
                "enable_resource_name_dns_aaaa_record": false,
                "hostname_type": "ip-name"
              }
            ],
            "private_ip": "172.31.2.168",
            "public_dns": "ec2-15-184-206-5.me-south-1.compute.amazonaws.com",
            "public_ip": "15.184.206.5",
            "root_block_device": [
              {
                "delete_on_termination": true,
                "device_name": "/dev/sda1",
                "encrypted": false,
                "iops": 100,
                "kms_key_id": "",
                "tags": {},
                "throughput": 0,
                "volume_id": "vol-09b8da07720cc0de0",
                "volume_size": 8,
                "volume_type": "gp2"
              }
            ],
            "secondary_private_ips": [],
            "security_groups": [
              "first-group-for-Bahrain"
            ],
            "source_dest_check": true,
            "spot_instance_request_id": "",
            "subnet_id": "subnet-04b574948025f5ab5",
            "tags": {
              "name": "Jenkins-Worker-Node -1"
            },
            "tags_all": {
              "name": "Jenkins-Worker-Node -1"
            },
            "tenancy": "default",
            "timeouts": null,
            "user_data": null,
            "user_data_base64": null,
            "user_data_replace_on_change": false,
            "volume_tags": null,
            "vpc_security_group_ids": [
              "sg-008bf23ce5571e4c5"
            ]
          },
          "sensitive_attributes": [],
          "private": "eyJlMmJmYjczMC1lY2FhLTExZTYtOGY4OC0zNDM2M2JjN2M0YzAiOnsiY3JlYXRlIjo2MDAwMDAwMDAwMDAsImRlbGV0ZSI6MTIwMDAwMDAwMDAwMCwidXBkYXRlIjo2MDAwMDAwMDAwMDB9LCJzY2hlbWFfdmVyc2lvbiI6IjEifQ=="
        },
        {
          "index_key": 2,
          "schema_version": 1,
          "attributes": {
            "ami": "ami-0f8d2a6080634ee69",
            "arn": "arn:aws:ec2:me-south-1:729207654069:instance/i-0e15f3d0c0fc0b001",
            "associate_public_ip_address": true,
            "availability_zone": "me-south-1a",
            "capacity_reservation_specification": [
              {
                "capacity_reservation_preference": "open",
                "capacity_reservation_target": []
              }
            ],
            "cpu_core_count": 1,
            "cpu_options": [
              {
                "amd_sev_snp": "",
                "core_count": 1,
                "threads_per_core": 2
              }
            ],
            "cpu_threads_per_core": 2,
            "credit_specification": [
              {
                "cpu_credits": "unlimited"
              }
            ],
            "disable_api_stop": false,
            "disable_api_termination": false,
            "ebs_block_device": [],
            "ebs_optimized": false,
            "enclave_options": [
              {
                "enabled": false
              }
            ],
            "ephemeral_block_device": [],
            "get_password_data": false,
            "hibernation": false,
            "host_id": "",
            "host_resource_group_arn": null,
            "iam_instance_profile": "",
            "id": "i-0e15f3d0c0fc0b001",
            "instance_initiated_shutdown_behavior": "stop",
            "instance_lifecycle": "",
            "instance_market_options": [],
            "instance_state": "running",
            "instance_type": "t3.micro",
            "ipv6_address_count": 0,
            "ipv6_addresses": [],
            "key_name": "keypair-bahrain",
            "launch_template": [],
            "maintenance_options": [
              {
                "auto_recovery": "default"
              }
            ],
            "metadata_options": [
              {
                "http_endpoint": "enabled",
                "http_protocol_ipv6": "disabled",
                "http_put_response_hop_limit": 1,
                "http_tokens": "optional",
                "instance_metadata_tags": "disabled"
              }
            ],
            "monitoring": false,
            "network_interface": [],
            "outpost_arn": "",
            "password_data": "",
            "placement_group": "",
            "placement_partition_number": 0,
            "primary_network_interface_id": "eni-0ec7ce9fac58a597f",
            "private_dns": "ip-172-31-13-88.me-south-1.compute.internal",
            "private_dns_name_options": [
              {
                "enable_resource_name_dns_a_record": false,
                "enable_resource_name_dns_aaaa_record": false,
                "hostname_type": "ip-name"
              }
            ],
            "private_ip": "172.31.13.88",
            "public_dns": "ec2-157-175-197-32.me-south-1.compute.amazonaws.com",
            "public_ip": "157.175.197.32",
            "root_block_device": [
              {
                "delete_on_termination": true,
                "device_name": "/dev/sda1",
                "encrypted": false,
                "iops": 100,
                "kms_key_id": "",
                "tags": {},
                "throughput": 0,
                "volume_id": "vol-0c7c65a2291936ecc",
                "volume_size": 8,
                "volume_type": "gp2"
              }
            ],
            "secondary_private_ips": [],
            "security_groups": [
              "first-group-for-Bahrain"
            ],
            "source_dest_check": true,
            "spot_instance_request_id": "",
            "subnet_id": "subnet-04b574948025f5ab5",
            "tags": {
              "name": "Jenkins-Worker-Node -2"
            },
            "tags_all": {
              "name": "Jenkins-Worker-Node -2"
            },
            "tenancy": "default",
            "timeouts": null,
            "user_data": null,
            "user_data_base64": null,
            "user_data_replace_on_change": false,
            "volume_tags": null,
            "vpc_security_group_ids": [
              "sg-008bf23ce5571e4c5"
            ]
          },
          "sensitive_attributes": [],
          "private": "eyJlMmJmYjczMC1lY2FhLTExZTYtOGY4OC0zNDM2M2JjN2M0YzAiOnsiY3JlYXRlIjo2MDAwMDAwMDAwMDAsImRlbGV0ZSI6MTIwMDAwMDAwMDAwMCwidXBkYXRlIjo2MDAwMDAwMDAwMDB9LCJzY2hlbWFfdmVyc2lvbiI6IjEifQ=="
        },
        {
          "index_key": 3,
          "schema_version": 1,
          "attributes": {
            "ami": "ami-0f8d2a6080634ee69",
            "arn": "arn:aws:ec2:me-south-1:729207654069:instance/i-026988439a04a19ab",
            "associate_public_ip_address": true,
            "availability_zone": "me-south-1a",
            "capacity_reservation_specification": [
              {
                "capacity_reservation_preference": "open",
                "capacity_reservation_target": []
              }
            ],
            "cpu_core_count": 1,
            "cpu_options": [
              {
                "amd_sev_snp": "",
                "core_count": 1,
                "threads_per_core": 2
              }
            ],
            "cpu_threads_per_core": 2,
            "credit_specification": [
              {
                "cpu_credits": "unlimited"
              }
            ],
            "disable_api_stop": false,
            "disable_api_termination": false,
            "ebs_block_device": [],
            "ebs_optimized": false,
            "enclave_options": [
              {
                "enabled": false
              }
            ],
            "ephemeral_block_device": [],
            "get_password_data": false,
            "hibernation": false,
            "host_id": "",
            "host_resource_group_arn": null,
            "iam_instance_profile": "",
            "id": "i-026988439a04a19ab",
            "instance_initiated_shutdown_behavior": "stop",
            "instance_lifecycle": "",
            "instance_market_options": [],
            "instance_state": "running",
            "instance_type": "t3.micro",
            "ipv6_address_count": 0,
            "ipv6_addresses": [],
            "key_name": "keypair-bahrain",
            "launch_template": [],
            "maintenance_options": [
              {
                "auto_recovery": "default"
              }
            ],
            "metadata_options": [
              {
                "http_endpoint": "enabled",
                "http_protocol_ipv6": "disabled",
                "http_put_response_hop_limit": 1,
                "http_tokens": "optional",
                "instance_metadata_tags": "disabled"
              }
            ],
            "monitoring": false,
            "network_interface": [],
            "outpost_arn": "",
            "password_data": "",
            "placement_group": "",
            "placement_partition_number": 0,
            "primary_network_interface_id": "eni-099d96d24ed91c6a3",
            "private_dns": "ip-172-31-11-90.me-south-1.compute.internal",
            "private_dns_name_options": [
              {
                "enable_resource_name_dns_a_record": false,
                "enable_resource_name_dns_aaaa_record": false,
                "hostname_type": "ip-name"
              }
            ],
            "private_ip": "172.31.11.90",
            "public_dns": "ec2-157-175-186-192.me-south-1.compute.amazonaws.com",
            "public_ip": "157.175.186.192",
            "root_block_device": [
              {
                "delete_on_termination": true,
                "device_name": "/dev/sda1",
                "encrypted": false,
                "iops": 100,
                "kms_key_id": "",
                "tags": {},
                "throughput": 0,
                "volume_id": "vol-0db83d0cd9b20fa4c",
                "volume_size": 8,
                "volume_type": "gp2"
              }
            ],
            "secondary_private_ips": [],
            "security_groups": [
              "first-group-for-Bahrain"
            ],
            "source_dest_check": true,
            "spot_instance_request_id": "",
            "subnet_id": "subnet-04b574948025f5ab5",
            "tags": {
              "name": "Jenkins-Worker-Node -3"
            },
            "tags_all": {
              "name": "Jenkins-Worker-Node -3"
            },
            "tenancy": "default",
            "timeouts": null,
            "user_data": null,
            "user_data_base64": null,
            "user_data_replace_on_change": false,
            "volume_tags": null,
            "vpc_security_group_ids": [
              "sg-008bf23ce5571e4c5"
            ]
          },
          "sensitive_attributes": [],
          "private": "eyJlMmJmYjczMC1lY2FhLTExZTYtOGY4OC0zNDM2M2JjN2M0YzAiOnsiY3JlYXRlIjo2MDAwMDAwMDAwMDAsImRlbGV0ZSI6MTIwMDAwMDAwMDAwMCwidXBkYXRlIjo2MDAwMDAwMDAwMDB9LCJzY2hlbWFfdmVyc2lvbiI6IjEifQ=="
        }
      ]
    },
    {
      "mode": "managed",
      "type": "aws_s3_bucket",
      "name": "first_bucket_bahrain",
      "provider": "provider[\"registry.terraform.io/hashicorp/aws\"]",
      "instances": [
        {
          "schema_version": 0,
          "attributes": {
            "acceleration_status": null,
            "acl": null,
            "arn": "arn:aws:s3:::first-bucket-bahrain",
            "bucket": "first-bucket-bahrain",
            "bucket_domain_name": "first-bucket-bahrain.s3.amazonaws.com",
            "bucket_prefix": "",
            "bucket_regional_domain_name": "first-bucket-bahrain.s3.me-south-1.amazonaws.com",
            "cors_rule": [],
            "force_destroy": false,
            "grant": [
              {
                "id": "11d929810e5d73cfd0c8add13c83216d1e9a1a1c1b8581af67faa29880bdb578",
                "permissions": [
                  "FULL_CONTROL"
                ],
                "type": "CanonicalUser",
                "uri": ""
              }
            ],
            "hosted_zone_id": "Z1MPMWCPA7YB62",
            "id": "first-bucket-bahrain",
            "lifecycle_rule": [],
            "logging": [],
            "object_lock_configuration": [],
            "object_lock_enabled": false,
            "policy": "",
            "region": "me-south-1",
            "replication_configuration": [],
            "request_payer": "BucketOwner",
            "server_side_encryption_configuration": [
              {
                "rule": [
                  {
                    "apply_server_side_encryption_by_default": [
                      {
                        "kms_master_key_id": "",
                        "sse_algorithm": "AES256"
                      }
                    ],
                    "bucket_key_enabled": false
                  }
                ]
              }
            ],
            "tags": {
              "name": "First-bucket-Bahrain",
              "region": "me-south-1"
            },
            "tags_all": {
              "name": "First-bucket-Bahrain",
              "region": "me-south-1"
            },
            "timeouts": null,
            "versioning": [
              {
                "enabled": false,
                "mfa_delete": false
              }
            ],
            "website": [],
            "website_domain": null,
            "website_endpoint": null
          },
          "sensitive_attributes": [],
          "private": "eyJlMmJmYjczMC1lY2FhLTExZTYtOGY4OC0zNDM2M2JjN2M0YzAiOnsiY3JlYXRlIjoxMjAwMDAwMDAwMDAwLCJkZWxldGUiOjM2MDAwMDAwMDAwMDAsInJlYWQiOjEyMDAwMDAwMDAwMDAsInVwZGF0ZSI6MTIwMDAwMDAwMDAwMH19"
        }
      ]
    },
    {
      "mode": "managed",
      "type": "local_file",
      "name": "aws_instance_details",
      "provider": "provider[\"registry.terraform.io/hashicorp/local\"]",
      "instances": [
        {
          "schema_version": 0,
          "attributes": {
            "content": "{\"ami\":\"ami-0f8d2a6080634ee69\",\"arn\":\"arn:aws:ec2:me-south-1:729207654069:instance/i-064280a2752cf44e2\",\"associate_public_ip_address\":null,\"availability_zone\":\"me-south-1a\",\"credit_specification\":[{\"cpu_credits\":\"unlimited\"}],\"disable_api_stop\":false,\"disable_api_termination\":false,\"ebs_block_device\":[],\"ebs_optimized\":false,\"enclave_options\":[{\"enabled\":false}],\"ephemeral_block_device\":[],\"filter\":null,\"get_password_data\":false,\"get_user_data\":false,\"host_id\":\"\",\"host_resource_group_arn\":\"\",\"iam_instance_profile\":\"\",\"id\":\"i-064280a2752cf44e2\",\"instance_id\":\"i-064280a2752cf44e2\",\"instance_state\":\"terminated\",\"instance_tags\":null,\"instance_type\":\"t3.micro\",\"ipv6_addresses\":[],\"key_name\":\"Key-pair-Bahrain\",\"maintenance_options\":[{\"auto_recovery\":\"default\"}],\"metadata_options\":[{\"http_endpoint\":\"enabled\",\"http_protocol_ipv6\":\"disabled\",\"http_put_response_hop_limit\":1,\"http_tokens\":\"optional\",\"instance_metadata_tags\":\"disabled\"}],\"monitoring\":false,\"network_interface_id\":\"\",\"outpost_arn\":\"\",\"password_data\":null,\"placement_group\":\"\",\"placement_partition_number\":0,\"private_dns\":\"\",\"private_dns_name_options\":[],\"private_ip\":\"\",\"public_dns\":\"\",\"public_ip\":\"\",\"root_block_device\":[],\"secondary_private_ips\":[],\"security_groups\":[],\"source_dest_check\":null,\"subnet_id\":\"\",\"tags\":{\"Name\":\"Ubuntu - server #1 \"},\"tenancy\":\"default\",\"timeouts\":null,\"user_data\":null,\"user_data_base64\":null,\"vpc_security_group_ids\":[]}",
            "content_base64": null,
            "content_base64sha256": "5JrU4mci66ZiErs05ZTEVdtuh6PvGl+S/m3hJKj2mNI=",
            "content_base64sha512": "O3u/U4W699A0dZpSYfnvpqvDTDsw1gHZRLehAErCNDOiew17n9qif8Ba7QmF1WILwqRWjV7pHQPL6mmN836zRg==",
            "content_md5": "5aaed6768767797ad2f0d48f2ffccfb4",
            "content_sha1": "b08a533a975dee93acecc94fb5d5ea8a8c91e888",
            "content_sha256": "e49ad4e26722eba66212bb34e594c455db6e87a3ef1a5f92fe6de124a8f698d2",
            "content_sha512": "3b7bbf5385baf7d034759a5261f9efa6abc34c3b30d601d944b7a1004ac23433a27b0d7b9fdaa27fc05aed0985d5620bc2a4568d5ee91d03cbea698df37eb346",
            "directory_permission": "0777",
            "file_permission": "0777",
            "filename": "aws-instance-details.json",
            "id": "b08a533a975dee93acecc94fb5d5ea8a8c91e888",
            "sensitive_content": null,
            "source": null
          },
          "sensitive_attributes": [],
          "dependencies": [
            "data.aws_instance.ubuntu-server-data"
          ]
        }
      ]
    },
    {
      "mode": "managed",
      "type": "local_file",
      "name": "ips_of_instances",
      "provider": "provider[\"registry.terraform.io/hashicorp/local\"]",
      "instances": [
        {
          "schema_version": 0,
          "attributes": {
            "content": "16.24.69.60\n15.184.206.5\n157.175.197.32\n157.175.186.192",
            "content_base64": null,
            "content_base64sha256": "XvKFaBuEC65b9yFtxkmLvaXFy0/4I4vySIXSE5HLHtg=",
            "content_base64sha512": "i0J28f4q9+jjubJvUqUvaqqHl/xTWOFGSLpa0tBSof4ahsVPwS3AgXFig2jb9R1EBy3hq+pERGkBBUUdX7PxDQ==",
            "content_md5": "6e5fa60a18460735c49eda4086ea9d25",
            "content_sha1": "432c3846673d431bf0a786012f64463d185fb4a7",
            "content_sha256": "5ef285681b840bae5bf7216dc6498bbda5c5cb4ff8238bf24885d21391cb1ed8",
            "content_sha512": "8b4276f1fe2af7e8e3b9b26f52a52f6aaa8797fc5358e14648ba5ad2d052a1fe1a86c54fc12dc08171628368dbf51d44072de1abea4444690105451d5fb3f10d",
            "directory_permission": "0777",
            "file_permission": "0777",
            "filename": "ips-of-aws-instances",
            "id": "432c3846673d431bf0a786012f64463d185fb4a7",
            "sensitive_content": null,
            "source": null
          },
          "sensitive_attributes": [],
          "dependencies": [
            "aws_instance.Ubuntu-jenkins"
          ]
        }
      ]
    },
    {
      "mode": "managed",
      "type": "local_sensitive_file",
      "name": "aws-cred",
      "provider": "provider[\"registry.terraform.io/hashicorp/local\"]",
      "instances": [
        {
          "schema_version": 0,
          "attributes": {
            "content": "",
            "content_base64": null,
            "content_base64sha256": "47DEQpj8HBSa+/TImW+5JCeuQeRkm5NMpJWZG3hSuFU=",
            "content_base64sha512": "z4PhNX7vuL3xVChQ1m2AB9Yg5AULVxXcg/SpIdNs6c5H0NE8XYXysP+DGNKHfuwvY7kxvUdBeoGlODJ6+SfaPg==",
            "content_md5": "d41d8cd98f00b204e9800998ecf8427e",
            "content_sha1": "da39a3ee5e6b4b0d3255bfef95601890afd80709",
            "content_sha256": "e3b0c44298fc1c149afbf4c8996fb92427ae41e4649b934ca495991b7852b855",
            "content_sha512": "cf83e1357eefb8bdf1542850d66d8007d620e4050b5715dc83f4a921d36ce9ce47d0d13c5d85f2b0ff8318d2877eec2f63b931bd47417a81a538327af927da3e",
            "directory_permission": "0700",
            "file_permission": "0700",
            "filename": "./aws-cred.txt",
            "id": "da39a3ee5e6b4b0d3255bfef95601890afd80709",
            "source": null
          },
          "sensitive_attributes": []
        }
      ]
    }
  ],
  "check_results": null
}
